{
  "version": 4,
  "terraform_version": "1.10.5",
  "serial": 30,
  "lineage": "082287b9-4288-93e4-ee68-b3a239ea5868",
  "outputs": {},
  "resources": [
    {
      "mode": "managed",
      "type": "google_bigquery_dataset",
      "name": "finanz_dashboard_dataset",
      "provider": "provider[\"registry.terraform.io/hashicorp/google\"]",
      "instances": [
        {
          "schema_version": 0,
          "attributes": {
            "access": [
              {
                "condition": [],
                "dataset": [],
                "domain": "",
                "group_by_email": "",
                "iam_member": "",
                "role": "OWNER",
                "routine": [],
                "special_group": "",
                "user_by_email": "terraform-admin@finanz-dashboard.iam.gserviceaccount.com",
                "view": []
              },
              {
                "condition": [],
                "dataset": [],
                "domain": "",
                "group_by_email": "",
                "iam_member": "",
                "role": "OWNER",
                "routine": [],
                "special_group": "projectOwners",
                "user_by_email": "",
                "view": []
              },
              {
                "condition": [],
                "dataset": [],
                "domain": "",
                "group_by_email": "",
                "iam_member": "",
                "role": "READER",
                "routine": [],
                "special_group": "projectReaders",
                "user_by_email": "",
                "view": []
              },
              {
                "condition": [],
                "dataset": [],
                "domain": "",
                "group_by_email": "",
                "iam_member": "",
                "role": "WRITER",
                "routine": [],
                "special_group": "projectWriters",
                "user_by_email": "",
                "view": []
              }
            ],
            "creation_time": 1739207755062,
            "dataset_id": "finanz_dashboard",
            "default_collation": "",
            "default_encryption_configuration": [],
            "default_partition_expiration_ms": 0,
            "default_table_expiration_ms": 0,
            "delete_contents_on_destroy": false,
            "description": "",
            "effective_labels": {
              "goog-terraform-provisioned": "true"
            },
            "etag": "7qymx3zCVXLrvVQbmlZItQ==",
            "external_dataset_reference": [],
            "friendly_name": "",
            "id": "projects/finanz-dashboard/datasets/finanz_dashboard",
            "is_case_insensitive": false,
            "labels": {},
            "last_modified_time": 1739207755062,
            "location": "EU",
            "max_time_travel_hours": "168",
            "project": "finanz-dashboard",
            "resource_tags": {},
            "self_link": "https://bigquery.googleapis.com/bigquery/v2/projects/finanz-dashboard/datasets/finanz_dashboard",
            "storage_billing_model": "",
            "terraform_labels": {
              "goog-terraform-provisioned": "true"
            },
            "timeouts": null
          },
          "sensitive_attributes": [],
          "private": "eyJlMmJmYjczMC1lY2FhLTExZTYtOGY4OC0zNDM2M2JjN2M0YzAiOnsiY3JlYXRlIjoxMjAwMDAwMDAwMDAwLCJkZWxldGUiOjEyMDAwMDAwMDAwMDAsInVwZGF0ZSI6MTIwMDAwMDAwMDAwMH19"
        }
      ]
    },
    {
      "mode": "managed",
      "type": "google_bigquery_table",
      "name": "finanz_dashboard_table",
      "provider": "provider[\"registry.terraform.io/hashicorp/google\"]",
      "instances": [
        {
          "schema_version": 0,
          "attributes": {
            "biglake_configuration": [],
            "clustering": null,
            "creation_time": 1739207756263,
            "dataset_id": "finanz_dashboard",
            "deletion_protection": true,
            "description": "",
            "effective_labels": {
              "goog-terraform-provisioned": "true"
            },
            "encryption_configuration": [],
            "etag": "N4WTi4Ji6tw5REPEmSzr4A==",
            "expiration_time": 0,
            "external_data_configuration": [],
            "friendly_name": "",
            "id": "projects/finanz-dashboard/datasets/finanz_dashboard/tables/market_data",
            "labels": {},
            "last_modified_time": 1739207756513,
            "location": "EU",
            "materialized_view": [],
            "max_staleness": "",
            "num_bytes": 0,
            "num_long_term_bytes": 0,
            "num_rows": 0,
            "project": "finanz-dashboard",
            "range_partitioning": [],
            "require_partition_filter": false,
            "resource_tags": {},
            "schema": "[{\"mode\":\"REQUIRED\",\"name\":\"symbol\",\"type\":\"STRING\"},{\"mode\":\"REQUIRED\",\"name\":\"price\",\"type\":\"FLOAT\"},{\"mode\":\"REQUIRED\",\"name\":\"timestamp\",\"type\":\"TIMESTAMP\"}]",
            "self_link": "https://bigquery.googleapis.com/bigquery/v2/projects/finanz-dashboard/datasets/finanz_dashboard/tables/market_data",
            "table_constraints": [],
            "table_id": "market_data",
            "table_replication_info": [],
            "terraform_labels": {
              "goog-terraform-provisioned": "true"
            },
            "time_partitioning": [],
            "type": "TABLE",
            "view": []
          },
          "sensitive_attributes": [],
          "private": "bnVsbA==",
          "dependencies": [
            "google_bigquery_dataset.finanz_dashboard_dataset"
          ]
        }
      ]
    },
    {
      "mode": "managed",
      "type": "google_cloudfunctions_function",
      "name": "finanz_dashboard_function",
      "provider": "provider[\"registry.terraform.io/hashicorp/google\"]",
      "instances": [
        {
          "schema_version": 0,
          "attributes": {
            "available_memory_mb": 256,
            "build_environment_variables": null,
            "build_service_account": "projects/finanz-dashboard/serviceAccounts/811870418129-compute@developer.gserviceaccount.com",
            "build_worker_pool": "",
            "description": "",
            "docker_registry": "ARTIFACT_REGISTRY",
            "docker_repository": "",
            "effective_labels": {
              "goog-terraform-provisioned": "true"
            },
            "entry_point": "main",
            "environment_variables": null,
            "event_trigger": [
              {
                "event_type": "google.storage.object.finalize",
                "failure_policy": [
                  {
                    "retry": false
                  }
                ],
                "resource": "projects/finanz-dashboard/buckets/finanz-dashboard-functions-bucket"
              }
            ],
            "https_trigger_security_level": null,
            "https_trigger_url": null,
            "id": "projects/finanz-dashboard/locations/europe-west3/functions/finanz-dashboard-function",
            "ingress_settings": "ALLOW_ALL",
            "kms_key_name": "",
            "labels": null,
            "max_instances": 3000,
            "min_instances": 0,
            "name": "finanz-dashboard-function",
            "project": "finanz-dashboard",
            "region": "europe-west3",
            "runtime": "python310",
            "secret_environment_variables": [],
            "secret_volumes": [],
            "service_account_email": "finanz-dashboard@appspot.gserviceaccount.com",
            "source_archive_bucket": "finanz-dashboard-functions-bucket",
            "source_archive_object": "function-source.zip",
            "source_repository": [],
            "status": "ACTIVE",
            "terraform_labels": {
              "goog-terraform-provisioned": "true"
            },
            "timeout": 60,
            "timeouts": null,
            "trigger_http": null,
            "version_id": "1",
            "vpc_connector": "",
            "vpc_connector_egress_settings": ""
          },
          "sensitive_attributes": [],
          "private": "eyJlMmJmYjczMC1lY2FhLTExZTYtOGY4OC0zNDM2M2JjN2M0YzAiOnsiY3JlYXRlIjoxMjAwMDAwMDAwMDAwLCJkZWxldGUiOjEyMDAwMDAwMDAwMDAsInJlYWQiOjEyMDAwMDAwMDAwMDAsInVwZGF0ZSI6MTIwMDAwMDAwMDAwMH19",
          "dependencies": [
            "google_storage_bucket.function_bucket"
          ]
        }
      ]
    },
    {
      "mode": "managed",
      "type": "google_storage_bucket",
      "name": "function_bucket",
      "provider": "provider[\"registry.terraform.io/hashicorp/google\"]",
      "instances": [
        {
          "schema_version": 3,
          "attributes": {
            "autoclass": [],
            "cors": [],
            "custom_placement_config": [],
            "default_event_based_hold": false,
            "effective_labels": {
              "goog-terraform-provisioned": "true"
            },
            "enable_object_retention": false,
            "encryption": [],
            "force_destroy": false,
            "hierarchical_namespace": [
              {
                "enabled": false
              }
            ],
            "id": "finanz-dashboard-functions-bucket",
            "labels": {},
            "lifecycle_rule": [],
            "location": "EU",
            "logging": [],
            "name": "finanz-dashboard-functions-bucket",
            "project": "finanz-dashboard",
            "project_number": 811870418129,
            "public_access_prevention": "inherited",
            "requester_pays": false,
            "retention_policy": [],
            "rpo": "DEFAULT",
            "self_link": "https://www.googleapis.com/storage/v1/b/finanz-dashboard-functions-bucket",
            "soft_delete_policy": [
              {
                "effective_time": "2025-02-10T17:15:57.044Z",
                "retention_duration_seconds": 604800
              }
            ],
            "storage_class": "STANDARD",
            "terraform_labels": {
              "goog-terraform-provisioned": "true"
            },
            "timeouts": null,
            "uniform_bucket_level_access": false,
            "url": "gs://finanz-dashboard-functions-bucket",
            "versioning": [],
            "website": []
          },
          "sensitive_attributes": [],
          "private": "eyJlMmJmYjczMC1lY2FhLTExZTYtOGY4OC0zNDM2M2JjN2M0YzAiOnsiY3JlYXRlIjo2MDAwMDAwMDAwMDAsInJlYWQiOjI0MDAwMDAwMDAwMCwidXBkYXRlIjoyNDAwMDAwMDAwMDB9LCJzY2hlbWFfdmVyc2lvbiI6IjMifQ=="
        }
      ]
    }
  ],
  "check_results": null
}
